
Microsoft Visual Studio Solution File, Format Version 12.00
Project("{FAE04EC0-301F-11D3-BF4B-00C04F79EFBC}") = "MTls", "MTls\MTls.csproj", "{96E6C46C-116A-4EDB-A039-A37A7D2E688E}"
EndProject
Project("{FAE04EC0-301F-11D3-BF4B-00C04F79EFBC}") = "Common", "Common\Common.csproj", "{48F87FA0-3858-425A-9391-8549DC8EBF2A}"
EndProject
Project("{FAE04EC0-301F-11D3-BF4B-00C04F79EFBC}") = "Tests", "Tests\Tests.csproj", "{225E2670-7702-4CA2-B645-ADB5B72733F5}"
EndProject
Global
	GlobalSection(SolutionConfigurationPlatforms) = preSolution
		Debug|Any CPU = Debug|Any CPU
		Release|Any CPU = Release|Any CPU
	EndGlobalSection
	GlobalSection(ProjectConfigurationPlatforms) = postSolution
		{96E6C46C-116A-4EDB-A039-A37A7D2E688E}.Debug|Any CPU.ActiveCfg = Debug|Any CPU
		{96E6C46C-116A-4EDB-A039-A37A7D2E688E}.Debug|Any CPU.Build.0 = Debug|Any CPU
		{96E6C46C-116A-4EDB-A039-A37A7D2E688E}.Release|Any CPU.ActiveCfg = Release|Any CPU
		{96E6C46C-116A-4EDB-A039-A37A7D2E688E}.Release|Any CPU.Build.0 = Release|Any CPU
		{48F87FA0-3858-425A-9391-8549DC8EBF2A}.Debug|Any CPU.ActiveCfg = Debug|Any CPU
		{48F87FA0-3858-425A-9391-8549DC8EBF2A}.Debug|Any CPU.Build.0 = Debug|Any CPU
		{48F87FA0-3858-425A-9391-8549DC8EBF2A}.Release|Any CPU.ActiveCfg = Release|Any CPU
		{48F87FA0-3858-425A-9391-8549DC8EBF2A}.Release|Any CPU.Build.0 = Release|Any CPU
		{225E2670-7702-4CA2-B645-ADB5B72733F5}.Debug|Any CPU.ActiveCfg = Debug|Any CPU
		{225E2670-7702-4CA2-B645-ADB5B72733F5}.Debug|Any CPU.Build.0 = Debug|Any CPU
		{225E2670-7702-4CA2-B645-ADB5B72733F5}.Release|Any CPU.ActiveCfg = Release|Any CPU
		{225E2670-7702-4CA2-B645-ADB5B72733F5}.Release|Any CPU.Build.0 = Release|Any CPU
	EndGlobalSection
EndGlobal
