
Microsoft Visual Studio Solution File, Format Version 12.00
# Visual Studio Version 17
VisualStudioVersion = 17.14.36518.9 d17.14
MinimumVisualStudioVersion = 10.0.40219.1
Project("{FAE04EC0-301F-11D3-BF4B-00C04F79EFBC}") = "UrlShortener", "UrlShortener\UrlShortener.csproj", "{050FB638-12E7-4F33-982B-478E9170A61B}"
EndProject
Project("{FAE04EC0-301F-11D3-BF4B-00C04F79EFBC}") = "UrlShortener.Tests", "UrlShortener.Tests\UrlShortener.Tests.csproj", "{79884D6E-2114-FA23-AE90-9F00AC5A2671}"
EndProject
Global
	GlobalSection(SolutionConfigurationPlatforms) = preSolution
		Debug|Any CPU = Debug|Any CPU
		Release|Any CPU = Release|Any CPU
	EndGlobalSection
	GlobalSection(ProjectConfigurationPlatforms) = postSolution
		{050FB638-12E7-4F33-982B-478E9170A61B}.Debug|Any CPU.ActiveCfg = Debug|Any CPU
		{050FB638-12E7-4F33-982B-478E9170A61B}.Debug|Any CPU.Build.0 = Debug|Any CPU
		{050FB638-12E7-4F33-982B-478E9170A61B}.Release|Any CPU.ActiveCfg = Release|Any CPU
		{050FB638-12E7-4F33-982B-478E9170A61B}.Release|Any CPU.Build.0 = Release|Any CPU
		{79884D6E-2114-FA23-AE90-9F00AC5A2671}.Debug|Any CPU.ActiveCfg = Debug|Any CPU
		{79884D6E-2114-FA23-AE90-9F00AC5A2671}.Debug|Any CPU.Build.0 = Debug|Any CPU
		{79884D6E-2114-FA23-AE90-9F00AC5A2671}.Release|Any CPU.ActiveCfg = Release|Any CPU
		{79884D6E-2114-FA23-AE90-9F00AC5A2671}.Release|Any CPU.Build.0 = Release|Any CPU
	EndGlobalSection
	GlobalSection(SolutionProperties) = preSolution
		HideSolutionNode = FALSE
	EndGlobalSection
EndGlobal
